// !$*UTF8*$!
{
	archiveVersion = 1;
	classes = {
	};
	objectVersion = 56;
	objects = {

/* Begin PBXBuildFile section */
		63FCFD752C0287EB0093FB96 /* Mistral_CallApp.swift in Sources */ = {isa = PBXBuildFile; fileRef = 63FCFD742C0287EB0093FB96 /* Mistral_CallApp.swift */; };
		63FCFD772C0287EB0093FB96 /* ContentView.swift in Sources */ = {isa = PBXBuildFile; fileRef = 63FCFD762C0287EB0093FB96 /* ContentView.swift */; };
		63FCFD792C0287EE0093FB96 /* Assets.xcassets in Resources */ = {isa = PBXBuildFile; fileRef = 63FCFD782C0287EE0093FB96 /* Assets.xcassets */; };
		63FCFD7C2C0287EE0093FB96 /* Preview Assets.xcassets in Resources */ = {isa = PBXBuildFile; fileRef = 63FCFD7B2C0287EE0093FB96 /* Preview Assets.xcassets */; };
		63FCFD862C0287EF0093FB96 /* Mistral_CallTests.swift in Sources */ = {isa = PBXBuildFile; fileRef = 63FCFD852C0287EF0093FB96 /* Mistral_CallTests.swift */; };
		63FCFD902C0287EF0093FB96 /* Mistral_CallUITests.swift in Sources */ = {isa = PBXBuildFile; fileRef = 63FCFD8F2C0287EF0093FB96 /* Mistral_CallUITests.swift */; };
		63FCFD922C0287EF0093FB96 /* Mistral_CallUITestsLaunchTests.swift in Sources */ = {isa = PBXBuildFile; fileRef = 63FCFD912C0287EF0093FB96 /* Mistral_CallUITestsLaunchTests.swift */; };
		63FCFD9F2C0288470093FB96 /* AudioRecorderManager.swift in Sources */ = {isa = PBXBuildFile; fileRef = 63FCFD9E2C0288460093FB96 /* AudioRecorderManager.swift */; };
		63FCFDA12C0288600093FB96 /* MotionManager.swift in Sources */ = {isa = PBXBuildFile; fileRef = 63FCFDA02C0288600093FB96 /* MotionManager.swift */; };
		63FCFDA32C0288790093FB96 /* NetworkManager.swift in Sources */ = {isa = PBXBuildFile; fileRef = 63FCFDA22C0288790093FB96 /* NetworkManager.swift */; };
		63FCFDA52C0291100093FB96 /* RecordingViewModel.swift in Sources */ = {isa = PBXBuildFile; fileRef = 63FCFDA42C0291100093FB96 /* RecordingViewModel.swift */; };
/* End PBXBuildFile section */

/* Begin PBXContainerItemProxy section */
		63FCFD822C0287EF0093FB96 /* PBXContainerItemProxy */ = {
			isa = PBXContainerItemProxy;
			containerPortal = 63FCFD692C0287EB0093FB96 /* Project object */;
			proxyType = 1;
			remoteGlobalIDString = 63FCFD702C0287EB0093FB96;
			remoteInfo = "Mistral Call";
		};
		63FCFD8C2C0287EF0093FB96 /* PBXContainerItemProxy */ = {
			isa = PBXContainerItemProxy;
			containerPortal = 63FCFD692C0287EB0093FB96 /* Project object */;
			proxyType = 1;
			remoteGlobalIDString = 63FCFD702C0287EB0093FB96;
			remoteInfo = "Mistral Call";
		};
/* End PBXContainerItemProxy section */

/* Begin PBXFileReference section */
		63FCFD712C0287EB0093FB96 /* Mistral Call.app */ = {isa = PBXFileReference; explicitFileType = wrapper.application; includeInIndex = 0; path = "Mistral Call.app"; sourceTree = BUILT_PRODUCTS_DIR; };
		63FCFD742C0287EB0093FB96 /* Mistral_CallApp.swift */ = {isa = PBXFileReference; lastKnownFileType = sourcecode.swift; path = Mistral_CallApp.swift; sourceTree = "<group>"; };
		63FCFD762C0287EB0093FB96 /* ContentView.swift */ = {isa = PBXFileReference; lastKnownFileType = sourcecode.swift; path = ContentView.swift; sourceTree = "<group>"; };
		63FCFD782C0287EE0093FB96 /* Assets.xcassets */ = {isa = PBXFileReference; lastKnownFileType = folder.assetcatalog; path = Assets.xcassets; sourceTree = "<group>"; };
		63FCFD7B2C0287EE0093FB96 /* Preview Assets.xcassets */ = {isa = PBXFileReference; lastKnownFileType = folder.assetcatalog; path = "Preview Assets.xcassets"; sourceTree = "<group>"; };
		63FCFD812C0287EF0093FB96 /* Mistral CallTests.xctest */ = {isa = PBXFileReference; explicitFileType = wrapper.cfbundle; includeInIndex = 0; path = "Mistral CallTests.xctest"; sourceTree = BUILT_PRODUCTS_DIR; };
		63FCFD852C0287EF0093FB96 /* Mistral_CallTests.swift */ = {isa = PBXFileReference; lastKnownFileType = sourcecode.swift; path = Mistral_CallTests.swift; sourceTree = "<group>"; };
		63FCFD8B2C0287EF0093FB96 /* Mistral CallUITests.xctest */ = {isa = PBXFileReference; explicitFileType = wrapper.cfbundle; includeInIndex = 0; path = "Mistral CallUITests.xctest"; sourceTree = BUILT_PRODUCTS_DIR; };
		63FCFD8F2C0287EF0093FB96 /* Mistral_CallUITests.swift */ = {isa = PBXFileReference; lastKnownFileType = sourcecode.swift; path = Mistral_CallUITests.swift; sourceTree = "<group>"; };
		63FCFD912C0287EF0093FB96 /* Mistral_CallUITestsLaunchTests.swift */ = {isa = PBXFileReference; lastKnownFileType = sourcecode.swift; path = Mistral_CallUITestsLaunchTests.swift; sourceTree = "<group>"; };
		63FCFD9E2C0288460093FB96 /* AudioRecorderManager.swift */ = {isa = PBXFileReference; lastKnownFileType = sourcecode.swift; path = AudioRecorderManager.swift; sourceTree = "<group>"; };
		63FCFDA02C0288600093FB96 /* MotionManager.swift */ = {isa = PBXFileReference; lastKnownFileType = sourcecode.swift; path = MotionManager.swift; sourceTree = "<group>"; };
		63FCFDA22C0288790093FB96 /* NetworkManager.swift */ = {isa = PBXFileReference; lastKnownFileType = sourcecode.swift; path = NetworkManager.swift; sourceTree = "<group>"; };
		63FCFDA42C0291100093FB96 /* RecordingViewModel.swift */ = {isa = PBXFileReference; lastKnownFileType = sourcecode.swift; path = RecordingViewModel.swift; sourceTree = "<group>"; };
/* End PBXFileReference section */

/* Begin PBXFrameworksBuildPhase section */
		63FCFD6E2C0287EB0093FB96 /* Frameworks */ = {
			isa = PBXFrameworksBuildPhase;
			buildActionMask = 2147483647;
			files = (
			);
			runOnlyForDeploymentPostprocessing = 0;
		};
		63FCFD7E2C0287EF0093FB96 /* Frameworks */ = {
			isa = PBXFrameworksBuildPhase;
			buildActionMask = 2147483647;
			files = (
			);
			runOnlyForDeploymentPostprocessing = 0;
		};
		63FCFD882C0287EF0093FB96 /* Frameworks */ = {
			isa = PBXFrameworksBuildPhase;
			buildActionMask = 2147483647;
			files = (
			);
			runOnlyForDeploymentPostprocessing = 0;
		};
/* End PBXFrameworksBuildPhase section */

/* Begin PBXGroup section */
		63FCFD682C0287EB0093FB96 = {
			isa = PBXGroup;
			children = (
				63FCFD732C0287EB0093FB96 /* Mistral Call */,
				63FCFD842C0287EF0093FB96 /* Mistral CallTests */,
				63FCFD8E2C0287EF0093FB96 /* Mistral CallUITests */,
				63FCFD722C0287EB0093FB96 /* Products */,
			);
			sourceTree = "<group>";
		};
		63FCFD722C0287EB0093FB96 /* Products */ = {
			isa = PBXGroup;
			children = (
				63FCFD712C0287EB0093FB96 /* Mistral Call.app */,
				63FCFD812C0287EF0093FB96 /* Mistral CallTests.xctest */,
				63FCFD8B2C0287EF0093FB96 /* Mistral CallUITests.xctest */,
			);
			name = Products;
			sourceTree = "<group>";
		};
		63FCFD732C0287EB0093FB96 /* Mistral Call */ = {
			isa = PBXGroup;
			children = (
				63FCFD742C0287EB0093FB96 /* Mistral_CallApp.swift */,
				63FCFD762C0287EB0093FB96 /* ContentView.swift */,
				63FCFD782C0287EE0093FB96 /* Assets.xcassets */,
				63FCFD7A2C0287EE0093FB96 /* Preview Content */,
				63FCFD9E2C0288460093FB96 /* AudioRecorderManager.swift */,
				63FCFDA02C0288600093FB96 /* MotionManager.swift */,
				63FCFDA22C0288790093FB96 /* NetworkManager.swift */,
				63FCFDA42C0291100093FB96 /* RecordingViewModel.swift */,
			);
			path = "Mistral Call";
			sourceTree = "<group>";
		};
		63FCFD7A2C0287EE0093FB96 /* Preview Content */ = {
			isa = PBXGroup;
			children = (
				63FCFD7B2C0287EE0093FB96 /* Preview Assets.xcassets */,
			);
			path = "Preview Content";
			sourceTree = "<group>";
		};
		63FCFD842C0287EF0093FB96 /* Mistral CallTests */ = {
			isa = PBXGroup;
			children = (
				63FCFD852C0287EF0093FB96 /* Mistral_CallTests.swift */,
			);
			path = "Mistral CallTests";
			sourceTree = "<group>";
		};
		63FCFD8E2C0287EF0093FB96 /* Mistral CallUITests */ = {
			isa = PBXGroup;
			children = (
				63FCFD8F2C0287EF0093FB96 /* Mistral_CallUITests.swift */,
				63FCFD912C0287EF0093FB96 /* Mistral_CallUITestsLaunchTests.swift */,
			);
			path = "Mistral CallUITests";
			sourceTree = "<group>";
		};
/* End PBXGroup section */

/* Begin PBXNativeTarget section */
		63FCFD702C0287EB0093FB96 /* Mistral Call */ = {
			isa = PBXNativeTarget;
			buildConfigurationList = 63FCFD952C0287EF0093FB96 /* Build configuration list for PBXNativeTarget "Mistral Call" */;
			buildPhases = (
				63FCFD6D2C0287EB0093FB96 /* Sources */,
				63FCFD6E2C0287EB0093FB96 /* Frameworks */,
				63FCFD6F2C0287EB0093FB96 /* Resources */,
			);
			buildRules = (
			);
			dependencies = (
			);
			name = "Mistral Call";
			productName = "Mistral Call";
			productReference = 63FCFD712C0287EB0093FB96 /* Mistral Call.app */;
			productType = "com.apple.product-type.application";
		};
		63FCFD802C0287EF0093FB96 /* Mistral CallTests */ = {
			isa = PBXNativeTarget;
			buildConfigurationList = 63FCFD982C0287EF0093FB96 /* Build configuration list for PBXNativeTarget "Mistral CallTests" */;
			buildPhases = (
				63FCFD7D2C0287EF0093FB96 /* Sources */,
				63FCFD7E2C0287EF0093FB96 /* Frameworks */,
				63FCFD7F2C0287EF0093FB96 /* Resources */,
			);
			buildRules = (
			);
			dependencies = (
				63FCFD832C0287EF0093FB96 /* PBXTargetDependency */,
			);
			name = "Mistral CallTests";
			productName = "Mistral CallTests";
			productReference = 63FCFD812C0287EF0093FB96 /* Mistral CallTests.xctest */;
			productType = "com.apple.product-type.bundle.unit-test";
		};
		63FCFD8A2C0287EF0093FB96 /* Mistral CallUITests */ = {
			isa = PBXNativeTarget;
			buildConfigurationList = 63FCFD9B2C0287EF0093FB96 /* Build configuration list for PBXNativeTarget "Mistral CallUITests" */;
			buildPhases = (
				63FCFD872C0287EF0093FB96 /* Sources */,
				63FCFD882C0287EF0093FB96 /* Frameworks */,
				63FCFD892C0287EF0093FB96 /* Resources */,
			);
			buildRules = (
			);
			dependencies = (
				63FCFD8D2C0287EF0093FB96 /* PBXTargetDependency */,
			);
			name = "Mistral CallUITests";
			productName = "Mistral CallUITests";
			productReference = 63FCFD8B2C0287EF0093FB96 /* Mistral CallUITests.xctest */;
			productType = "com.apple.product-type.bundle.ui-testing";
		};
/* End PBXNativeTarget section */

/* Begin PBXProject section */
		63FCFD692C0287EB0093FB96 /* Project object */ = {
			isa = PBXProject;
			attributes = {
				BuildIndependentTargetsInParallel = 1;
				LastSwiftUpdateCheck = 1520;
				LastUpgradeCheck = 1520;
				TargetAttributes = {
					63FCFD702C0287EB0093FB96 = {
						CreatedOnToolsVersion = 15.2;
					};
					63FCFD802C0287EF0093FB96 = {
						CreatedOnToolsVersion = 15.2;
						TestTargetID = 63FCFD702C0287EB0093FB96;
					};
					63FCFD8A2C0287EF0093FB96 = {
						CreatedOnToolsVersion = 15.2;
						TestTargetID = 63FCFD702C0287EB0093FB96;
					};
				};
			};
			buildConfigurationList = 63FCFD6C2C0287EB0093FB96 /* Build configuration list for PBXProject "Mistral Call" */;
			compatibilityVersion = "Xcode 14.0";
			developmentRegion = en;
			hasScannedForEncodings = 0;
			knownRegions = (
				en,
				Base,
			);
			mainGroup = 63FCFD682C0287EB0093FB96;
			productRefGroup = 63FCFD722C0287EB0093FB96 /* Products */;
			projectDirPath = "";
			projectRoot = "";
			targets = (
				63FCFD702C0287EB0093FB96 /* Mistral Call */,
				63FCFD802C0287EF0093FB96 /* Mistral CallTests */,
				63FCFD8A2C0287EF0093FB96 /* Mistral CallUITests */,
			);
		};
/* End PBXProject section */

/* Begin PBXResourcesBuildPhase section */
		63FCFD6F2C0287EB0093FB96 /* Resources */ = {
			isa = PBXResourcesBuildPhase;
			buildActionMask = 2147483647;
			files = (
				63FCFD7C2C0287EE0093FB96 /* Preview Assets.xcassets in Resources */,
				63FCFD792C0287EE0093FB96 /* Assets.xcassets in Resources */,
			);
			runOnlyForDeploymentPostprocessing = 0;
		};
		63FCFD7F2C0287EF0093FB96 /* Resources */ = {
			isa = PBXResourcesBuildPhase;
			buildActionMask = 2147483647;
			files = (
			);
			runOnlyForDeploymentPostprocessing = 0;
		};
		63FCFD892C0287EF0093FB96 /* Resources */ = {
			isa = PBXResourcesBuildPhase;
			buildActionMask = 2147483647;
			files = (
			);
			runOnlyForDeploymentPostprocessing = 0;
		};
/* End PBXResourcesBuildPhase section */

/* Begin PBXSourcesBuildPhase section */
		63FCFD6D2C0287EB0093FB96 /* Sources */ = {
			isa = PBXSourcesBuildPhase;
			buildActionMask = 2147483647;
			files = (
				63FCFD772C0287EB0093FB96 /* ContentView.swift in Sources */,
				63FCFD9F2C0288470093FB96 /* AudioRecorderManager.swift in Sources */,
				63FCFDA32C0288790093FB96 /* NetworkManager.swift in Sources */,
				63FCFD752C0287EB0093FB96 /* Mistral_CallApp.swift in Sources */,
				63FCFDA52C0291100093FB96 /* RecordingViewModel.swift in Sources */,
				63FCFDA12C0288600093FB96 /* MotionManager.swift in Sources */,
			);
			runOnlyForDeploymentPostprocessing = 0;
		};
		63FCFD7D2C0287EF0093FB96 /* Sources */ = {
			isa = PBXSourcesBuildPhase;
			buildActionMask = 2147483647;
			files = (
				63FCFD862C0287EF0093FB96 /* Mistral_CallTests.swift in Sources */,
			);
			runOnlyForDeploymentPostprocessing = 0;
		};
		63FCFD872C0287EF0093FB96 /* Sources */ = {
			isa = PBXSourcesBuildPhase;
			buildActionMask = 2147483647;
			files = (
				63FCFD902C0287EF0093FB96 /* Mistral_CallUITests.swift in Sources */,
				63FCFD922C0287EF0093FB96 /* Mistral_CallUITestsLaunchTests.swift in Sources */,
			);
			runOnlyForDeploymentPostprocessing = 0;
		};
/* End PBXSourcesBuildPhase section */

/* Begin PBXTargetDependency section */
		63FCFD832C0287EF0093FB96 /* PBXTargetDependency */ = {
			isa = PBXTargetDependency;
			target = 63FCFD702C0287EB0093FB96 /* Mistral Call */;
			targetProxy = 63FCFD822C0287EF0093FB96 /* PBXContainerItemProxy */;
		};
		63FCFD8D2C0287EF0093FB96 /* PBXTargetDependency */ = {
			isa = PBXTargetDependency;
			target = 63FCFD702C0287EB0093FB96 /* Mistral Call */;
			targetProxy = 63FCFD8C2C0287EF0093FB96 /* PBXContainerItemProxy */;
		};
/* End PBXTargetDependency section */

/* Begin XCBuildConfiguration section */
		63FCFD932C0287EF0093FB96 /* Debug */ = {
			isa = XCBuildConfiguration;
			buildSettings = {
				ALWAYS_SEARCH_USER_PATHS = NO;
				ASSETCATALOG_COMPILER_GENERATE_SWIFT_ASSET_SYMBOL_EXTENSIONS = YES;
				CLANG_ANALYZER_NONNULL = YES;
				CLANG_ANALYZER_NUMBER_OBJECT_CONVERSION = YES_AGGRESSIVE;
				CLANG_CXX_LANGUAGE_STANDARD = "gnu++20";
				CLANG_ENABLE_MODULES = YES;
				CLANG_ENABLE_OBJC_ARC = YES;
				CLANG_ENABLE_OBJC_WEAK = YES;
				CLANG_WARN_BLOCK_CAPTURE_AUTORELEASING = YES;
				CLANG_WARN_BOOL_CONVERSION = YES;
				CLANG_WARN_COMMA = YES;
				CLANG_WARN_CONSTANT_CONVERSION = YES;
				CLANG_WARN_DEPRECATED_OBJC_IMPLEMENTATIONS = YES;
				CLANG_WARN_DIRECT_OBJC_ISA_USAGE = YES_ERROR;
				CLANG_WARN_DOCUMENTATION_COMMENTS = YES;
				CLANG_WARN_EMPTY_BODY = YES;
				CLANG_WARN_ENUM_CONVERSION = YES;
				CLANG_WARN_INFINITE_RECURSION = YES;
				CLANG_WARN_INT_CONVERSION = YES;
				CLANG_WARN_NON_LITERAL_NULL_CONVERSION = YES;
				CLANG_WARN_OBJC_IMPLICIT_RETAIN_SELF = YES;
				CLANG_WARN_OBJC_LITERAL_CONVERSION = YES;
				CLANG_WARN_OBJC_ROOT_CLASS = YES_ERROR;
				CLANG_WARN_QUOTED_INCLUDE_IN_FRAMEWORK_HEADER = YES;
				CLANG_WARN_RANGE_LOOP_ANALYSIS = YES;
				CLANG_WARN_STRICT_PROTOTYPES = YES;
				CLANG_WARN_SUSPICIOUS_MOVE = YES;
				CLANG_WARN_UNGUARDED_AVAILABILITY = YES_AGGRESSIVE;
				CLANG_WARN_UNREACHABLE_CODE = YES;
				CLANG_WARN__DUPLICATE_METHOD_MATCH = YES;
				COPY_PHASE_STRIP = NO;
				DEBUG_INFORMATION_FORMAT = dwarf;
				ENABLE_STRICT_OBJC_MSGSEND = YES;
				ENABLE_TESTABILITY = YES;
				ENABLE_USER_SCRIPT_SANDBOXING = YES;
				GCC_C_LANGUAGE_STANDARD = gnu17;
				GCC_DYNAMIC_NO_PIC = NO;
				GCC_NO_COMMON_BLOCKS = YES;
				GCC_OPTIMIZATION_LEVEL = 0;
				GCC_PREPROCESSOR_DEFINITIONS = (
					"DEBUG=1",
					"$(inherited)",
				);
				GCC_WARN_64_TO_32_BIT_CONVERSION = YES;
				GCC_WARN_ABOUT_RETURN_TYPE = YES_ERROR;
				GCC_WARN_UNDECLARED_SELECTOR = YES;
				GCC_WARN_UNINITIALIZED_AUTOS = YES_AGGRESSIVE;
				GCC_WARN_UNUSED_FUNCTION = YES;
				GCC_WARN_UNUSED_VARIABLE = YES;
				IPHONEOS_DEPLOYMENT_TARGET = 17.2;
				LOCALIZATION_PREFERS_STRING_CATALOGS = YES;
				MTL_ENABLE_DEBUG_INFO = INCLUDE_SOURCE;
				MTL_FAST_MATH = YES;
				ONLY_ACTIVE_ARCH = YES;
				SDKROOT = iphoneos;
				SWIFT_ACTIVE_COMPILATION_CONDITIONS = "DEBUG $(inherited)";
				SWIFT_OPTIMIZATION_LEVEL = "-Onone";
			};
			name = Debug;
		};
		63FCFD942C0287EF0093FB96 /* Release */ = {
			isa = XCBuildConfiguration;
			buildSettings = {
				ALWAYS_SEARCH_USER_PATHS = NO;
				ASSETCATALOG_COMPILER_GENERATE_SWIFT_ASSET_SYMBOL_EXTENSIONS = YES;
				CLANG_ANALYZER_NONNULL = YES;
				CLANG_ANALYZER_NUMBER_OBJECT_CONVERSION = YES_AGGRESSIVE;
				CLANG_CXX_LANGUAGE_STANDARD = "gnu++20";
				CLANG_ENABLE_MODULES = YES;
				CLANG_ENABLE_OBJC_ARC = YES;
				CLANG_ENABLE_OBJC_WEAK = YES;
				CLANG_WARN_BLOCK_CAPTURE_AUTORELEASING = YES;
				CLANG_WARN_BOOL_CONVERSION = YES;
				CLANG_WARN_COMMA = YES;
				CLANG_WARN_CONSTANT_CONVERSION = YES;
				CLANG_WARN_DEPRECATED_OBJC_IMPLEMENTATIONS = YES;
				CLANG_WARN_DIRECT_OBJC_ISA_USAGE = YES_ERROR;
				CLANG_WARN_DOCUMENTATION_COMMENTS = YES;
				CLANG_WARN_EMPTY_BODY = YES;
				CLANG_WARN_ENUM_CONVERSION = YES;
				CLANG_WARN_INFINITE_RECURSION = YES;
				CLANG_WARN_INT_CONVERSION = YES;
				CLANG_WARN_NON_LITERAL_NULL_CONVERSION = YES;
				CLANG_WARN_OBJC_IMPLICIT_RETAIN_SELF = YES;
				CLANG_WARN_OBJC_LITERAL_CONVERSION = YES;
				CLANG_WARN_OBJC_ROOT_CLASS = YES_ERROR;
				CLANG_WARN_QUOTED_INCLUDE_IN_FRAMEWORK_HEADER = YES;
				CLANG_WARN_RANGE_LOOP_ANALYSIS = YES;
				CLANG_WARN_STRICT_PROTOTYPES = YES;
				CLANG_WARN_SUSPICIOUS_MOVE = YES;
				CLANG_WARN_UNGUARDED_AVAILABILITY = YES_AGGRESSIVE;
				CLANG_WARN_UNREACHABLE_CODE = YES;
				CLANG_WARN__DUPLICATE_METHOD_MATCH = YES;
				COPY_PHASE_STRIP = NO;
				DEBUG_INFORMATION_FORMAT = "dwarf-with-dsym";
				ENABLE_NS_ASSERTIONS = NO;
				ENABLE_STRICT_OBJC_MSGSEND = YES;
				ENABLE_USER_SCRIPT_SANDBOXING = YES;
				GCC_C_LANGUAGE_STANDARD = gnu17;
				GCC_NO_COMMON_BLOCKS = YES;
				GCC_WARN_64_TO_32_BIT_CONVERSION = YES;
				GCC_WARN_ABOUT_RETURN_TYPE = YES_ERROR;
				GCC_WARN_UNDECLARED_SELECTOR = YES;
				GCC_WARN_UNINITIALIZED_AUTOS = YES_AGGRESSIVE;
				GCC_WARN_UNUSED_FUNCTION = YES;
				GCC_WARN_UNUSED_VARIABLE = YES;
				IPHONEOS_DEPLOYMENT_TARGET = 17.2;
				LOCALIZATION_PREFERS_STRING_CATALOGS = YES;
				MTL_ENABLE_DEBUG_INFO = NO;
				MTL_FAST_MATH = YES;
				SDKROOT = iphoneos;
				SWIFT_COMPILATION_MODE = wholemodule;
				VALIDATE_PRODUCT = YES;
			};
			name = Release;
		};
		63FCFD962C0287EF0093FB96 /* Debug */ = {
			isa = XCBuildConfiguration;
			buildSettings = {
				ASSETCATALOG_COMPILER_APPICON_NAME = AppIcon;
				ASSETCATALOG_COMPILER_GLOBAL_ACCENT_COLOR_NAME = AccentColor;
				CODE_SIGN_STYLE = Automatic;
				CURRENT_PROJECT_VERSION = 1;
				DEVELOPMENT_ASSET_PATHS = "\"Mistral Call/Preview Content\"";
				ENABLE_PREVIEWS = YES;
				GENERATE_INFOPLIST_FILE = YES;
				INFOPLIST_KEY_UIApplicationSceneManifest_Generation = YES;
				INFOPLIST_KEY_UIApplicationSupportsIndirectInputEvents = YES;
				INFOPLIST_KEY_UILaunchScreen_Generation = YES;
				INFOPLIST_KEY_UISupportedInterfaceOrientations_iPad = "UIInterfaceOrientationPortrait UIInterfaceOrientationPortraitUpsideDown UIInterfaceOrientationLandscapeLeft UIInterfaceOrientationLandscapeRight";
				INFOPLIST_KEY_UISupportedInterfaceOrientations_iPhone = "UIInterfaceOrientationPortrait UIInterfaceOrientationLandscapeLeft UIInterfaceOrientationLandscapeRight";
				LD_RUNPATH_SEARCH_PATHS = (
					"$(inherited)",
					"@executable_path/Frameworks",
				);
				MARKETING_VERSION = 1.0;
				PRODUCT_BUNDLE_IDENTIFIER = "mistrall-call-hackaton.Mistral-Call";
				PRODUCT_NAME = "$(TARGET_NAME)";
				SWIFT_EMIT_LOC_STRINGS = YES;
				SWIFT_VERSION = 5.0;
				TARGETED_DEVICE_FAMILY = "1,2";
			};
			name = Debug;
		};
		63FCFD972C0287EF0093FB96 /* Release */ = {
			isa = XCBuildConfiguration;
			buildSettings = {
				ASSETCATALOG_COMPILER_APPICON_NAME = AppIcon;
				ASSETCATALOG_COMPILER_GLOBAL_ACCENT_COLOR_NAME = AccentColor;
				CODE_SIGN_STYLE = Automatic;
				CURRENT_PROJECT_VERSION = 1;
				DEVELOPMENT_ASSET_PATHS = "\"Mistral Call/Preview Content\"";
				ENABLE_PREVIEWS = YES;
				GENERATE_INFOPLIST_FILE = YES;
				INFOPLIST_KEY_UIApplicationSceneManifest_Generation = YES;
				INFOPLIST_KEY_UIApplicationSupportsIndirectInputEvents = YES;
				INFOPLIST_KEY_UILaunchScreen_Generation = YES;
				INFOPLIST_KEY_UISupportedInterfaceOrientations_iPad = "UIInterfaceOrientationPortrait UIInterfaceOrientationPortraitUpsideDown UIInterfaceOrientationLandscapeLeft UIInterfaceOrientationLandscapeRight";
				INFOPLIST_KEY_UISupportedInterfaceOrientations_iPhone = "UIInterfaceOrientationPortrait UIInterfaceOrientationLandscapeLeft UIInterfaceOrientationLandscapeRight";
				LD_RUNPATH_SEARCH_PATHS = (
					"$(inherited)",
					"@executable_path/Frameworks",
				);
				MARKETING_VERSION = 1.0;
				PRODUCT_BUNDLE_IDENTIFIER = "mistrall-call-hackaton.Mistral-Call";
				PRODUCT_NAME = "$(TARGET_NAME)";
				SWIFT_EMIT_LOC_STRINGS = YES;
				SWIFT_VERSION = 5.0;
				TARGETED_DEVICE_FAMILY = "1,2";
			};
			name = Release;
		};
		63FCFD992C0287EF0093FB96 /* Debug */ = {
			isa = XCBuildConfiguration;
			buildSettings = {
				ALWAYS_EMBED_SWIFT_STANDARD_LIBRARIES = YES;
				BUNDLE_LOADER = "$(TEST_HOST)";
				CODE_SIGN_STYLE = Automatic;
				CURRENT_PROJECT_VERSION = 1;
				GENERATE_INFOPLIST_FILE = YES;
				IPHONEOS_DEPLOYMENT_TARGET = 17.2;
				MARKETING_VERSION = 1.0;
				PRODUCT_BUNDLE_IDENTIFIER = "mistrall-call-hackaton.Mistral-CallTests";
				PRODUCT_NAME = "$(TARGET_NAME)";
				SWIFT_EMIT_LOC_STRINGS = NO;
				SWIFT_VERSION = 5.0;
				TARGETED_DEVICE_FAMILY = "1,2";
				TEST_HOST = "$(BUILT_PRODUCTS_DIR)/Mistral Call.app/$(BUNDLE_EXECUTABLE_FOLDER_PATH)/Mistral Call";
			};
			name = Debug;
		};
		63FCFD9A2C0287EF0093FB96 /* Release */ = {
			isa = XCBuildConfiguration;
			buildSettings = {
				ALWAYS_EMBED_SWIFT_STANDARD_LIBRARIES = YES;
				BUNDLE_LOADER = "$(TEST_HOST)";
				CODE_SIGN_STYLE = Automatic;
				CURRENT_PROJECT_VERSION = 1;
				GENERATE_INFOPLIST_FILE = YES;
				IPHONEOS_DEPLOYMENT_TARGET = 17.2;
				MARKETING_VERSION = 1.0;
				PRODUCT_BUNDLE_IDENTIFIER = "mistrall-call-hackaton.Mistral-CallTests";
				PRODUCT_NAME = "$(TARGET_NAME)";
				SWIFT_EMIT_LOC_STRINGS = NO;
				SWIFT_VERSION = 5.0;
				TARGETED_DEVICE_FAMILY = "1,2";
				TEST_HOST = "$(BUILT_PRODUCTS_DIR)/Mistral Call.app/$(BUNDLE_EXECUTABLE_FOLDER_PATH)/Mistral Call";
			};
			name = Release;
		};
		63FCFD9C2C0287EF0093FB96 /* Debug */ = {
			isa = XCBuildConfiguration;
			buildSettings = {
				ALWAYS_EMBED_SWIFT_STANDARD_LIBRARIES = YES;
				CODE_SIGN_STYLE = Automatic;
				CURRENT_PROJECT_VERSION = 1;
				GENERATE_INFOPLIST_FILE = YES;
				MARKETING_VERSION = 1.0;
				PRODUCT_BUNDLE_IDENTIFIER = "mistrall-call-hackaton.Mistral-CallUITests";
				PRODUCT_NAME = "$(TARGET_NAME)";
				SWIFT_EMIT_LOC_STRINGS = NO;
				SWIFT_VERSION = 5.0;
				TARGETED_DEVICE_FAMILY = "1,2";
				TEST_TARGET_NAME = "Mistral Call";
			};
			name = Debug;
		};
		63FCFD9D2C0287EF0093FB96 /* Release */ = {
			isa = XCBuildConfiguration;
			buildSettings = {
				ALWAYS_EMBED_SWIFT_STANDARD_LIBRARIES = YES;
				CODE_SIGN_STYLE = Automatic;
				CURRENT_PROJECT_VERSION = 1;
				GENERATE_INFOPLIST_FILE = YES;
				MARKETING_VERSION = 1.0;
				PRODUCT_BUNDLE_IDENTIFIER = "mistrall-call-hackaton.Mistral-CallUITests";
				PRODUCT_NAME = "$(TARGET_NAME)";
				SWIFT_EMIT_LOC_STRINGS = NO;
				SWIFT_VERSION = 5.0;
				TARGETED_DEVICE_FAMILY = "1,2";
				TEST_TARGET_NAME = "Mistral Call";
			};
			name = Release;
		};
/* End XCBuildConfiguration section */

/* Begin XCConfigurationList section */
		63FCFD6C2C0287EB0093FB96 /* Build configuration list for PBXProject "Mistral Call" */ = {
			isa = XCConfigurationList;
			buildConfigurations = (
				63FCFD932C0287EF0093FB96 /* Debug */,
				63FCFD942C0287EF0093FB96 /* Release */,
			);
			defaultConfigurationIsVisible = 0;
			defaultConfigurationName = Release;
		};
		63FCFD952C0287EF0093FB96 /* Build configuration list for PBXNativeTarget "Mistral Call" */ = {
			isa = XCConfigurationList;
			buildConfigurations = (
				63FCFD962C0287EF0093FB96 /* Debug */,
				63FCFD972C0287EF0093FB96 /* Release */,
			);
			defaultConfigurationIsVisible = 0;
			defaultConfigurationName = Release;
		};
		63FCFD982C0287EF0093FB96 /* Build configuration list for PBXNativeTarget "Mistral CallTests" */ = {
			isa = XCConfigurationList;
			buildConfigurations = (
				63FCFD992C0287EF0093FB96 /* Debug */,
				63FCFD9A2C0287EF0093FB96 /* Release */,
			);
			defaultConfigurationIsVisible = 0;
			defaultConfigurationName = Release;
		};
		63FCFD9B2C0287EF0093FB96 /* Build configuration list for PBXNativeTarget "Mistral CallUITests" */ = {
			isa = XCConfigurationList;
			buildConfigurations = (
				63FCFD9C2C0287EF0093FB96 /* Debug */,
				63FCFD9D2C0287EF0093FB96 /* Release */,
			);
			defaultConfigurationIsVisible = 0;
			defaultConfigurationName = Release;
		};
/* End XCConfigurationList section */
	};
	rootObject = 63FCFD692C0287EB0093FB96 /* Project object */;
}
